
Microsoft Visual Studio Solution File, Format Version 12.00
# Visual Studio Version 17
VisualStudioVersion = 17.3.32825.248
MinimumVisualStudioVersion = 10.0.40219.1
Project("{9A19103F-16F7-4668-BE54-9A1E7A4F7556}") = "Nist-Oscal-Models", "src\Nist-Oscal-Models\Nist-Oscal-Models.csproj", "{72DF7794-9A39-4927-94DB-012CA538D59A}"
EndProject
Project("{9A19103F-16F7-4668-BE54-9A1E7A4F7556}") = "Nist-Oscal-Model-Tests", "tests\Nist-Oscal-Model-Tests\Nist-Oscal-Model-Tests.csproj", "{17164383-D1DE-4C67-BF52-8A2D573F8401}"
EndProject
Global
	GlobalSection(SolutionConfigurationPlatforms) = preSolution
		Debug|Any CPU = Debug|Any CPU
		Release|Any CPU = Release|Any CPU
	EndGlobalSection
	GlobalSection(ProjectConfigurationPlatforms) = postSolution
		{72DF7794-9A39-4927-94DB-012CA538D59A}.Debug|Any CPU.ActiveCfg = Debug|Any CPU
		{72DF7794-9A39-4927-94DB-012CA538D59A}.Debug|Any CPU.Build.0 = Debug|Any CPU
		{72DF7794-9A39-4927-94DB-012CA538D59A}.Release|Any CPU.ActiveCfg = Release|Any CPU
		{72DF7794-9A39-4927-94DB-012CA538D59A}.Release|Any CPU.Build.0 = Release|Any CPU
		{17164383-D1DE-4C67-BF52-8A2D573F8401}.Debug|Any CPU.ActiveCfg = Debug|Any CPU
		{17164383-D1DE-4C67-BF52-8A2D573F8401}.Debug|Any CPU.Build.0 = Debug|Any CPU
		{17164383-D1DE-4C67-BF52-8A2D573F8401}.Release|Any CPU.ActiveCfg = Release|Any CPU
		{17164383-D1DE-4C67-BF52-8A2D573F8401}.Release|Any CPU.Build.0 = Release|Any CPU
	EndGlobalSection
	GlobalSection(SolutionProperties) = preSolution
		HideSolutionNode = FALSE
	EndGlobalSection
	GlobalSection(ExtensibilityGlobals) = postSolution
		SolutionGuid = {1FB5680B-6CD1-44CF-8B0E-99D90B85D580}
	EndGlobalSection
EndGlobal
